{
  "lockfile_version": "1",
  "packages": {
    "ansible-lint@25.8.2": {
      "last_modified": "2025-12-09T08:49:39Z",
      "resolved": "github:NixOS/nixpkgs/677fbe97984e7af3175b6c121f3c39ee5c8d62c9#ansible-lint",
      "source": "devbox-search",
      "version": "25.8.2",
      "systems": {
        "aarch64-darwin": {
          "outputs": [
            {
              "name": "out",
              "path": "/nix/store/s0mbmwnxlvq2l7xmprynyyryrl10hph1-ansible-lint-25.8.2",
              "default": true
            },
            {
              "name": "dist",
              "path": "/nix/store/mzzh5fq5z87l1bf6i2n4nmcydbfwb0sk-ansible-lint-25.8.2-dist"
            }
          ],
          "store_path": "/nix/store/s0mbmwnxlvq2l7xmprynyyryrl10hph1-ansible-lint-25.8.2"
        },
        "aarch64-linux": {
          "outputs": [
            {
              "name": "out",
              "path": "/nix/store/dfwyllp6dggy5374n3cl1bbyvjl4xnb1-ansible-lint-25.8.2",
              "default": true
            },
            {
              "name": "dist",
              "path": "/nix/store/fpijwg3lpwksjzj9lp0djdwqkjfgclc2-ansible-lint-25.8.2-dist"
            }
          ],
          "store_path": "/nix/store/dfwyllp6dggy5374n3cl1bbyvjl4xnb1-ansible-lint-25.8.2"
        },
        "x86_64-darwin": {
          "outputs": [
            {
              "name": "out",
              "path": "/nix/store/xakl8rm934ggnbsjvad7ra2p0dfhzi2k-ansible-lint-25.8.2",
              "default": true
            },
            {
              "name": "dist",
              "path": "/nix/store/36ag80szg2mlhj1bbxi74x88idqchys5-ansible-lint-25.8.2-dist"
            }
          ],
          "store_path": "/nix/store/xakl8rm934ggnbsjvad7ra2p0dfhzi2k-ansible-lint-25.8.2"
        },
        "x86_64-linux": {
          "outputs": [
            {
              "name": "out",
              "path": "/nix/store/y1cdaqphznk83cqlknp2s56aa736q5yw-ansible-lint-25.8.2",
              "default": true
            },
            {
              "name": "dist",
              "path": "/nix/store/dp320mqs6bz17w6xanym6h6d9zz2dk9f-ansible-lint-25.8.2-dist"
            }
          ],
          "store_path": "/nix/store/y1cdaqphznk83cqlknp2s56aa736q5yw-ansible-lint-25.8.2"
        }
      }
    },
    "cargo@latest": {
      "last_modified": "2025-10-22T20:59:19Z",
      "resolved": "github:NixOS/nixpkgs/01b6809f7f9d1183a2b3e081f0a1e6f8f415cb09#cargo",
      "source": "devbox-search",
      "version": "1.89.0",
      "systems": {
        "aarch64-darwin": {
          "outputs": [
            {
              "name": "out",
              "path": "/nix/store/f61dvjzzqj7c9xv07naqx6ga84vj10ip-cargo-1.89.0",
              "default": true
            }
          ],
          "store_path": "/nix/store/f61dvjzzqj7c9xv07naqx6ga84vj10ip-cargo-1.89.0"
        },
        "aarch64-linux": {
          "outputs": [
            {
              "name": "out",
              "path": "/nix/store/cp19l4m09lp45cm86ilvqpl1n1bwf5fz-cargo-1.89.0",
              "default": true
            }
          ],
          "store_path": "/nix/store/cp19l4m09lp45cm86ilvqpl1n1bwf5fz-cargo-1.89.0"
        },
        "x86_64-darwin": {
          "outputs": [
            {
              "name": "out",
              "path": "/nix/store/mdrdfm4q2076c8pp3gk798nzd6g0b5jn-cargo-1.89.0",
              "default": true
            }
          ],
          "store_path": "/nix/store/mdrdfm4q2076c8pp3gk798nzd6g0b5jn-cargo-1.89.0"
        },
        "x86_64-linux": {
          "outputs": [
            {
              "name": "out",
              "path": "/nix/store/ynhfvh8h1da3l2hnm15ab2fh3h8a6lf4-cargo-1.89.0",
              "default": true
            }
          ],
          "store_path": "/nix/store/ynhfvh8h1da3l2hnm15ab2fh3h8a6lf4-cargo-1.89.0"
        }
      }
    },
    "docker@latest": {
      "last_modified": "2025-10-26T01:09:48Z",
      "resolved": "github:NixOS/nixpkgs/de69d2ba6c70e747320df9c096523b623d3a4c35#docker",
      "source": "devbox-search",
      "version": "28.5.1",
      "systems": {
        "aarch64-darwin": {
          "outputs": [
            {
              "name": "out",
              "path": "/nix/store/ydz2b40y83p4xiq6iidjfv24y39srr6k-docker-28.5.1",
              "default": true
            }
          ],
          "store_path": "/nix/store/ydz2b40y83p4xiq6iidjfv24y39srr6k-docker-28.5.1"
        },
        "aarch64-linux": {
          "outputs": [
            {
              "name": "out",
              "path": "/nix/store/0qcksaid2gnnck28xiiygrcd553in1ac-docker-28.5.1",
              "default": true
            }
          ],
          "store_path": "/nix/store/0qcksaid2gnnck28xiiygrcd553in1ac-docker-28.5.1"
        },
        "x86_64-darwin": {
          "outputs": [
            {
              "name": "out",
              "path": "/nix/store/g5slmpmm63q41vllqcqp8f37y609rpl8-docker-28.5.1",
              "default": true
            }
          ],
          "store_path": "/nix/store/g5slmpmm63q41vllqcqp8f37y609rpl8-docker-28.5.1"
        },
        "x86_64-linux": {
          "outputs": [
            {
              "name": "out",
              "path": "/nix/store/bv05y2nmdl590g1h106ygqhm07297k0k-docker-28.5.1",
              "default": true
            }
          ],
          "store_path": "/nix/store/bv05y2nmdl590g1h106ygqhm07297k0k-docker-28.5.1"
        }
      }
    },
    "github:NixOS/nixpkgs/nixpkgs-unstable": {
      "last_modified": "2025-10-24T23:52:36Z",
      "resolved": "github:NixOS/nixpkgs/02f2cb8e0feb4596d20cc52fda73ccee960e3538?lastModified=1761349956&narHash=sha256-tH3wHnOJms%2BU4k%2FrK2Nn1RfBrhffX92jLP%2F2VndSn0w%3D"
    },
    "gnumake@latest": {
      "last_modified": "2025-10-22T20:59:19Z",
      "resolved": "github:NixOS/nixpkgs/01b6809f7f9d1183a2b3e081f0a1e6f8f415cb09#gnumake",
      "source": "devbox-search",
      "version": "4.4.1",
      "systems": {
        "aarch64-darwin": {
          "outputs": [
            {
              "name": "out",
              "path": "/nix/store/zr6nvq9ama3y1nhjpdhrgacrk9hg0p7m-gnumake-4.4.1",
              "default": true
            },
            {
              "name": "man",
              "path": "/nix/store/68mjxlv0jd70galxjx88978j220qvy2w-gnumake-4.4.1-man",
              "default": true
            },
            {
              "name": "info",
              "path": "/nix/store/gs4yxm5a7d3nprhki0nhvgkyf1qmwg6k-gnumake-4.4.1-info"
            }
          ],
          "store_path": "/nix/store/zr6nvq9ama3y1nhjpdhrgacrk9hg0p7m-gnumake-4.4.1"
        },
        "aarch64-linux": {
          "outputs": [
            {
              "name": "out",
              "path": "/nix/store/qah1z8qz3jl5104x8wj00x9qqlxzd5n2-gnumake-4.4.1",
              "default": true
            },
            {
              "name": "man",
              "path": "/nix/store/dlpphdrnlizli5xfpyrc2h21yf47n2aw-gnumake-4.4.1-man",
              "default": true
            },
            {
              "name": "debug",
              "path": "/nix/store/gkgyv58r897z65fcl54ih23iip2d552z-gnumake-4.4.1-debug"
            },
            {
              "name": "info",
              "path": "/nix/store/vnx2hz71ac4x62a1rr39ak2dmwybdd5r-gnumake-4.4.1-info"
            }
          ],
          "store_path": "/nix/store/qah1z8qz3jl5104x8wj00x9qqlxzd5n2-gnumake-4.4.1"
        },
        "x86_64-darwin": {
          "outputs": [
            {
              "name": "out",
              "path": "/nix/store/y0fzfgy59x3kwhh535cvrn9r7i5wd9xq-gnumake-4.4.1",
              "default": true
            },
            {
              "name": "man",
              "path": "/nix/store/lizzz78df6p2q84vxn0fq90z3ls4hvpd-gnumake-4.4.1-man",
              "default": true
            },
            {
              "name": "info",
              "path": "/nix/store/yyq62s4yh31wx97g7r6f9lif178w47ng-gnumake-4.4.1-info"
            }
          ],
          "store_path": "/nix/store/y0fzfgy59x3kwhh535cvrn9r7i5wd9xq-gnumake-4.4.1"
        },
        "x86_64-linux": {
          "outputs": [
            {
              "name": "out",
              "path": "/nix/store/frwvl0f18pk66clb8gqlby33wldx84aq-gnumake-4.4.1",
              "default": true
            },
            {
              "name": "man",
              "path": "/nix/store/k1m93yfl4p51nnciskn2pbxqm2sv0mxm-gnumake-4.4.1-man",
              "default": true
            },
            {
              "name": "debug",
              "path": "/nix/store/10jld6gf62ldl1da3126487g4gxs35v2-gnumake-4.4.1-debug"
            },
            {
              "name": "info",
              "path": "/nix/store/b51jfnxlardqir240px0wnfp64gzxfkl-gnumake-4.4.1-info"
            }
          ],
          "store_path": "/nix/store/frwvl0f18pk66clb8gqlby33wldx84aq-gnumake-4.4.1"
        }
      }
    },
    "kind@0.23.0": {
      "last_modified": "2024-08-14T11:41:26Z",
      "resolved": "github:NixOS/nixpkgs/0cb2fd7c59fed0cd82ef858cbcbdb552b9a33465#kind",
      "source": "devbox-search",
      "version": "0.23.0",
      "systems": {
        "aarch64-darwin": {
          "outputs": [
            {
              "name": "out",
              "path": "/nix/store/rl3mxy800109l52bvnyayhzkb2b7sagm-kind-0.23.0",
              "default": true
            }
          ],
          "store_path": "/nix/store/rl3mxy800109l52bvnyayhzkb2b7sagm-kind-0.23.0"
        },
        "aarch64-linux": {
          "outputs": [
            {
              "name": "out",
              "path": "/nix/store/0r4p2d590c17lczs03hviq94nhaqhana-kind-0.23.0",
              "default": true
            }
          ],
          "store_path": "/nix/store/0r4p2d590c17lczs03hviq94nhaqhana-kind-0.23.0"
        },
        "x86_64-darwin": {
          "outputs": [
            {
              "name": "out",
              "path": "/nix/store/krl3i2xmqvdldy76l8kvcyyz68azzp1b-kind-0.23.0",
              "default": true
            }
          ],
          "store_path": "/nix/store/krl3i2xmqvdldy76l8kvcyyz68azzp1b-kind-0.23.0"
        },
        "x86_64-linux": {
          "outputs": [
            {
              "name": "out",
              "path": "/nix/store/8215xk1j01md3qlzqxadpvmd27fndcw5-kind-0.23.0",
              "default": true
            }
          ],
          "store_path": "/nix/store/8215xk1j01md3qlzqxadpvmd27fndcw5-kind-0.23.0"
        }
      }
    },
    "kubeconform@0.7.0": {
      "last_modified": "2025-11-23T21:50:36Z",
      "resolved": "github:NixOS/nixpkgs/ee09932cedcef15aaf476f9343d1dea2cb77e261#kubeconform",
      "source": "devbox-search",
      "version": "0.7.0",
      "systems": {
        "aarch64-darwin": {
          "outputs": [
            {
              "name": "out",
              "path": "/nix/store/qg631z5dnxxhafkydmsbkzs10wv0ixqz-kubeconform-0.7.0",
              "default": true
            }
          ],
          "store_path": "/nix/store/qg631z5dnxxhafkydmsbkzs10wv0ixqz-kubeconform-0.7.0"
        },
        "aarch64-linux": {
          "outputs": [
            {
              "name": "out",
              "path": "/nix/store/zx29y7q7r01wzl2x8vji5qv8zamk8qi6-kubeconform-0.7.0",
              "default": true
            }
          ],
          "store_path": "/nix/store/zx29y7q7r01wzl2x8vji5qv8zamk8qi6-kubeconform-0.7.0"
        },
        "x86_64-darwin": {
          "outputs": [
            {
              "name": "out",
              "path": "/nix/store/9mxx67n9saxgqvibzizvbmj4gm3nh4li-kubeconform-0.7.0",
              "default": true
            }
          ],
          "store_path": "/nix/store/9mxx67n9saxgqvibzizvbmj4gm3nh4li-kubeconform-0.7.0"
        },
        "x86_64-linux": {
          "outputs": [
            {
              "name": "out",
              "path": "/nix/store/c7pxr2bwlr264rph1nwxwbavaji2iv4v-kubeconform-0.7.0",
              "default": true
            }
          ],
          "store_path": "/nix/store/c7pxr2bwlr264rph1nwxwbavaji2iv4v-kubeconform-0.7.0"
        }
      }
    },
    "kubectl@latest": {
      "last_modified": "2025-10-22T20:59:19Z",
      "resolved": "github:NixOS/nixpkgs/01b6809f7f9d1183a2b3e081f0a1e6f8f415cb09#kubectl",
      "source": "devbox-search",
      "version": "1.34.1",
      "systems": {
        "aarch64-darwin": {
          "outputs": [
            {
              "name": "out",
              "path": "/nix/store/pv5lknr9a985cdmxy0zqg0vk0562w1js-kubectl-1.34.1",
              "default": true
            },
            {
              "name": "man",
              "path": "/nix/store/5xfa19i31d4vhvbjihf6inqbp410fsp5-kubectl-1.34.1-man",
              "default": true
            },
            {
              "name": "convert",
              "path": "/nix/store/ciffxa4czjlmjzmq4yq21l8zkjvadxsq-kubectl-1.34.1-convert"
            }
          ],
          "store_path": "/nix/store/pv5lknr9a985cdmxy0zqg0vk0562w1js-kubectl-1.34.1"
        },
        "aarch64-linux": {
          "outputs": [
            {
              "name": "out",
              "path": "/nix/store/8xfnh8k465mm5q2cnh83hqk3h4p9i9n2-kubectl-1.34.1",
              "default": true
            },
            {
              "name": "man",
              "path": "/nix/store/0s8wk88y5rnvnbgsy77x3ak02fnsq01i-kubectl-1.34.1-man",
              "default": true
            },
            {
              "name": "convert",
              "path": "/nix/store/hhdzbn767znxinwswfqab0d0bg2jpwln-kubectl-1.34.1-convert"
            }
          ],
          "store_path": "/nix/store/8xfnh8k465mm5q2cnh83hqk3h4p9i9n2-kubectl-1.34.1"
        },
        "x86_64-darwin": {
          "outputs": [
            {
              "name": "out",
              "path": "/nix/store/80mql1xb9i7l5pb9cs5kmmgxhp351lv1-kubectl-1.34.1",
              "default": true
            },
            {
              "name": "man",
              "path": "/nix/store/qf79cl59w1kga58030s9a9nvk2b3m1qc-kubectl-1.34.1-man",
              "default": true
            },
            {
              "name": "convert",
              "path": "/nix/store/0msa3w7f7bazgfpa2icmz7fkvcdrn4d7-kubectl-1.34.1-convert"
            }
          ],
          "store_path": "/nix/store/80mql1xb9i7l5pb9cs5kmmgxhp351lv1-kubectl-1.34.1"
        },
        "x86_64-linux": {
          "outputs": [
            {
              "name": "out",
              "path": "/nix/store/hkdsjac8x7pvq0lmazmg7qs6y8k6kayh-kubectl-1.34.1",
              "default": true
            },
            {
              "name": "man",
              "path": "/nix/store/g5wlm6mrnf1pgjqapfb5r8zkh37rizgf-kubectl-1.34.1-man",
              "default": true
            },
            {
              "name": "convert",
              "path": "/nix/store/aq74byw89ckq4hiw85gl2cq4c8h99wqi-kubectl-1.34.1-convert"
            }
          ],
          "store_path": "/nix/store/hkdsjac8x7pvq0lmazmg7qs6y8k6kayh-kubectl-1.34.1"
        }
      }
    },
    "kubernetes-helm@3.16.4": {
      "last_modified": "2025-01-19T08:16:51Z",
      "resolved": "github:NixOS/nixpkgs/50165c4f7eb48ce82bd063e1fb8047a0f515f8ce#kubernetes-helm",
      "source": "devbox-search",
      "version": "3.16.4",
      "systems": {
        "aarch64-darwin": {
          "outputs": [
            {
              "name": "out",
              "path": "/nix/store/2lvby5gkkv0bfaq9vvzql8gs7a151zf0-kubernetes-helm-3.16.4",
              "default": true
            }
          ],
          "store_path": "/nix/store/2lvby5gkkv0bfaq9vvzql8gs7a151zf0-kubernetes-helm-3.16.4"
        },
        "aarch64-linux": {
          "outputs": [
            {
              "name": "out",
              "path": "/nix/store/fi048xvgic3l5aaqf8i9l60mdp9xxfr3-kubernetes-helm-3.16.4",
              "default": true
            }
          ],
          "store_path": "/nix/store/fi048xvgic3l5aaqf8i9l60mdp9xxfr3-kubernetes-helm-3.16.4"
        },
        "x86_64-darwin": {
          "outputs": [
            {
              "name": "out",
              "path": "/nix/store/m70il2ms96vjynm1hv6saisbzc5xyzp9-kubernetes-helm-3.16.4",
              "default": true
            }
          ],
          "store_path": "/nix/store/m70il2ms96vjynm1hv6saisbzc5xyzp9-kubernetes-helm-3.16.4"
        },
        "x86_64-linux": {
          "outputs": [
            {
              "name": "out",
              "path": "/nix/store/ykhg41hvf1v8zdf9fyldfkdxazhjpfz5-kubernetes-helm-3.16.4",
              "default": true
            }
          ],
          "store_path": "/nix/store/ykhg41hvf1v8zdf9fyldfkdxazhjpfz5-kubernetes-helm-3.16.4"
        }
      }
    },
    "shellcheck@0.11.0": {
      "last_modified": "2025-11-23T21:50:36Z",
      "resolved": "github:NixOS/nixpkgs/ee09932cedcef15aaf476f9343d1dea2cb77e261#shellcheck",
      "source": "devbox-search",
      "version": "0.11.0",
      "systems": {
        "aarch64-darwin": {
          "outputs": [
            {
              "name": "bin",
              "path": "/nix/store/vrx7hilsrrlxs8q53kvsjmdyl241f7yl-shellcheck-0.11.0-bin",
              "default": true
            },
            {
              "name": "man",
              "path": "/nix/store/slk6qqcpvnp2wg0mnfsv3nls4rmzbz75-shellcheck-0.11.0-man",
              "default": true
            },
            {
              "name": "doc",
              "path": "/nix/store/61zslxgmp5h8xln3skj2a0rvkyp6233y-shellcheck-0.11.0-doc",
              "default": true
            },
            {
              "name": "out",
              "path": "/nix/store/j4wj8rsasn479lyqyph8sf2ymdczfzaz-shellcheck-0.11.0"
            }
          ],
          "store_path": "/nix/store/vrx7hilsrrlxs8q53kvsjmdyl241f7yl-shellcheck-0.11.0-bin"
        },
        "aarch64-linux": {
          "outputs": [
            {
              "name": "bin",
              "path": "/nix/store/74hb1x0347m7jhw8m4vw871b2mgnwzsg-shellcheck-0.11.0-bin",
              "default": true
            },
            {
              "name": "man",
              "path": "/nix/store/m13wrq668r07wq4v1axz7l54yi88nggv-shellcheck-0.11.0-man",
              "default": true
            },
            {
              "name": "doc",
              "path": "/nix/store/f043ck8v0nb84skir908m805mba452xx-shellcheck-0.11.0-doc",
              "default": true
            },
            {
              "name": "out",
              "path": "/nix/store/4v0470q66y8wfhmhx7lbm0klvl86gh34-shellcheck-0.11.0"
            }
          ],
          "store_path": "/nix/store/74hb1x0347m7jhw8m4vw871b2mgnwzsg-shellcheck-0.11.0-bin"
        },
        "x86_64-darwin": {
          "outputs": [
            {
              "name": "bin",
              "path": "/nix/store/3066bmzk9qb6bwbwiz4n4swh4862mpr4-shellcheck-0.11.0-bin",
              "default": true
            },
            {
              "name": "man",
              "path": "/nix/store/hdxf38j90xygbpdhji38nai5j6clkxv1-shellcheck-0.11.0-man",
              "default": true
            },
            {
              "name": "doc",
              "path": "/nix/store/jqin964qqxgcr9n9cypw657qxxik2i0y-shellcheck-0.11.0-doc",
              "default": true
            },
            {
              "name": "out",
              "path": "/nix/store/lj9hk1qkd6x520f95qzw1mgr31d94c3h-shellcheck-0.11.0"
            }
          ],
          "store_path": "/nix/store/3066bmzk9qb6bwbwiz4n4swh4862mpr4-shellcheck-0.11.0-bin"
        },
        "x86_64-linux": {
          "outputs": [
            {
              "name": "bin",
              "path": "/nix/store/7fc4qz8ny0s2m2n5gsgsqb3yn2iffk4v-shellcheck-0.11.0-bin",
              "default": true
            },
            {
              "name": "man",
              "path": "/nix/store/c7nn0m85206xwd7xhwwyi4ibf458xynb-shellcheck-0.11.0-man",
              "default": true
            },
            {
              "name": "doc",
              "path": "/nix/store/sjh9hb6mc19xi93bv9v8rkwxhj4w2n2z-shellcheck-0.11.0-doc",
              "default": true
            },
            {
              "name": "out",
              "path": "/nix/store/wbx8i6wrjdi32gj7kk5j5fq3484qyzyb-shellcheck-0.11.0"
            }
          ],
          "store_path": "/nix/store/7fc4qz8ny0s2m2n5gsgsqb3yn2iffk4v-shellcheck-0.11.0-bin"
        }
      }
    },
    "yq@3.4.3": {
      "last_modified": "2025-11-23T21:50:36Z",
      "resolved": "github:NixOS/nixpkgs/ee09932cedcef15aaf476f9343d1dea2cb77e261#yq",
      "source": "devbox-search",
      "version": "3.4.3",
      "systems": {
        "aarch64-darwin": {
          "outputs": [
            {
              "name": "out",
              "path": "/nix/store/344q1isvrn38i2k47x6jdgq1afnppdpi-python3.13-yq-3.4.3",
              "default": true
            },
            {
              "name": "dist",
              "path": "/nix/store/f0y8ivlgbbm7pkk4l5dysaqr1r39lxkn-python3.13-yq-3.4.3-dist"
            }
          ],
          "store_path": "/nix/store/344q1isvrn38i2k47x6jdgq1afnppdpi-python3.13-yq-3.4.3"
        },
        "aarch64-linux": {
          "outputs": [
            {
              "name": "out",
              "path": "/nix/store/gxb75ispzfkqz5larz631ddq3m5jmy0d-python3.13-yq-3.4.3",
              "default": true
            },
            {
              "name": "dist",
              "path": "/nix/store/rqvbwcqcyhq1a94ccwa57hp4wh2zcqz6-python3.13-yq-3.4.3-dist"
            }
          ],
          "store_path": "/nix/store/gxb75ispzfkqz5larz631ddq3m5jmy0d-python3.13-yq-3.4.3"
        },
        "x86_64-darwin": {
          "outputs": [
            {
              "name": "out",
              "path": "/nix/store/3al3yv0k7zvv41nsrrykgdjv4l2wn39x-python3.13-yq-3.4.3",
              "default": true
            },
            {
              "name": "dist",
              "path": "/nix/store/g5g4f44vjqngbp7n8967v29fcf722wa6-python3.13-yq-3.4.3-dist"
            }
          ],
          "store_path": "/nix/store/3al3yv0k7zvv41nsrrykgdjv4l2wn39x-python3.13-yq-3.4.3"
        },
        "x86_64-linux": {
          "outputs": [
            {
              "name": "out",
              "path": "/nix/store/jk0qzin2yinxmfxzj03mq8pfbcgwiwrd-python3.13-yq-3.4.3",
              "default": true
            },
            {
              "name": "dist",
              "path": "/nix/store/b15i9b99zfhk0fzx592sgrzq2gml7ysn-python3.13-yq-3.4.3-dist"
            }
          ],
          "store_path": "/nix/store/jk0qzin2yinxmfxzj03mq8pfbcgwiwrd-python3.13-yq-3.4.3"
        }
      }
    }
  }
}
