{
  "lockfile_version": "1",
  "packages": {
    "cargo@latest": {
      "last_modified": "2025-10-22T20:59:19Z",
      "resolved": "github:NixOS/nixpkgs/01b6809f7f9d1183a2b3e081f0a1e6f8f415cb09#cargo",
      "source": "devbox-search",
      "version": "1.89.0",
      "systems": {
        "aarch64-darwin": {
          "outputs": [
            {
              "name": "out",
              "path": "/nix/store/f61dvjzzqj7c9xv07naqx6ga84vj10ip-cargo-1.89.0",
              "default": true
            }
          ],
          "store_path": "/nix/store/f61dvjzzqj7c9xv07naqx6ga84vj10ip-cargo-1.89.0"
        },
        "aarch64-linux": {
          "outputs": [
            {
              "name": "out",
              "path": "/nix/store/cp19l4m09lp45cm86ilvqpl1n1bwf5fz-cargo-1.89.0",
              "default": true
            }
          ],
          "store_path": "/nix/store/cp19l4m09lp45cm86ilvqpl1n1bwf5fz-cargo-1.89.0"
        },
        "x86_64-darwin": {
          "outputs": [
            {
              "name": "out",
              "path": "/nix/store/mdrdfm4q2076c8pp3gk798nzd6g0b5jn-cargo-1.89.0",
              "default": true
            }
          ],
          "store_path": "/nix/store/mdrdfm4q2076c8pp3gk798nzd6g0b5jn-cargo-1.89.0"
        },
        "x86_64-linux": {
          "outputs": [
            {
              "name": "out",
              "path": "/nix/store/ynhfvh8h1da3l2hnm15ab2fh3h8a6lf4-cargo-1.89.0",
              "default": true
            }
          ],
          "store_path": "/nix/store/ynhfvh8h1da3l2hnm15ab2fh3h8a6lf4-cargo-1.89.0"
        }
      }
    },
    "docker@latest": {
      "last_modified": "2025-10-26T01:09:48Z",
      "resolved": "github:NixOS/nixpkgs/de69d2ba6c70e747320df9c096523b623d3a4c35#docker",
      "source": "devbox-search",
      "version": "28.5.1",
      "systems": {
        "aarch64-darwin": {
          "outputs": [
            {
              "name": "out",
              "path": "/nix/store/ydz2b40y83p4xiq6iidjfv24y39srr6k-docker-28.5.1",
              "default": true
            }
          ],
          "store_path": "/nix/store/ydz2b40y83p4xiq6iidjfv24y39srr6k-docker-28.5.1"
        },
        "aarch64-linux": {
          "outputs": [
            {
              "name": "out",
              "path": "/nix/store/0qcksaid2gnnck28xiiygrcd553in1ac-docker-28.5.1",
              "default": true
            }
          ],
          "store_path": "/nix/store/0qcksaid2gnnck28xiiygrcd553in1ac-docker-28.5.1"
        },
        "x86_64-darwin": {
          "outputs": [
            {
              "name": "out",
              "path": "/nix/store/g5slmpmm63q41vllqcqp8f37y609rpl8-docker-28.5.1",
              "default": true
            }
          ],
          "store_path": "/nix/store/g5slmpmm63q41vllqcqp8f37y609rpl8-docker-28.5.1"
        },
        "x86_64-linux": {
          "outputs": [
            {
              "name": "out",
              "path": "/nix/store/bv05y2nmdl590g1h106ygqhm07297k0k-docker-28.5.1",
              "default": true
            }
          ],
          "store_path": "/nix/store/bv05y2nmdl590g1h106ygqhm07297k0k-docker-28.5.1"
        }
      }
    },
    "github:NixOS/nixpkgs/nixpkgs-unstable": {
      "last_modified": "2025-10-24T23:52:36Z",
      "resolved": "github:NixOS/nixpkgs/02f2cb8e0feb4596d20cc52fda73ccee960e3538?lastModified=1761349956&narHash=sha256-tH3wHnOJms%2BU4k%2FrK2Nn1RfBrhffX92jLP%2F2VndSn0w%3D"
    },
    "gnumake@latest": {
      "last_modified": "2025-10-22T20:59:19Z",
      "resolved": "github:NixOS/nixpkgs/01b6809f7f9d1183a2b3e081f0a1e6f8f415cb09#gnumake",
      "source": "devbox-search",
      "version": "4.4.1",
      "systems": {
        "aarch64-darwin": {
          "outputs": [
            {
              "name": "out",
              "path": "/nix/store/zr6nvq9ama3y1nhjpdhrgacrk9hg0p7m-gnumake-4.4.1",
              "default": true
            },
            {
              "name": "man",
              "path": "/nix/store/68mjxlv0jd70galxjx88978j220qvy2w-gnumake-4.4.1-man",
              "default": true
            },
            {
              "name": "info",
              "path": "/nix/store/gs4yxm5a7d3nprhki0nhvgkyf1qmwg6k-gnumake-4.4.1-info"
            }
          ],
          "store_path": "/nix/store/zr6nvq9ama3y1nhjpdhrgacrk9hg0p7m-gnumake-4.4.1"
        },
        "aarch64-linux": {
          "outputs": [
            {
              "name": "out",
              "path": "/nix/store/qah1z8qz3jl5104x8wj00x9qqlxzd5n2-gnumake-4.4.1",
              "default": true
            },
            {
              "name": "man",
              "path": "/nix/store/dlpphdrnlizli5xfpyrc2h21yf47n2aw-gnumake-4.4.1-man",
              "default": true
            },
            {
              "name": "debug",
              "path": "/nix/store/gkgyv58r897z65fcl54ih23iip2d552z-gnumake-4.4.1-debug"
            },
            {
              "name": "info",
              "path": "/nix/store/vnx2hz71ac4x62a1rr39ak2dmwybdd5r-gnumake-4.4.1-info"
            }
          ],
          "store_path": "/nix/store/qah1z8qz3jl5104x8wj00x9qqlxzd5n2-gnumake-4.4.1"
        },
        "x86_64-darwin": {
          "outputs": [
            {
              "name": "out",
              "path": "/nix/store/y0fzfgy59x3kwhh535cvrn9r7i5wd9xq-gnumake-4.4.1",
              "default": true
            },
            {
              "name": "man",
              "path": "/nix/store/lizzz78df6p2q84vxn0fq90z3ls4hvpd-gnumake-4.4.1-man",
              "default": true
            },
            {
              "name": "info",
              "path": "/nix/store/yyq62s4yh31wx97g7r6f9lif178w47ng-gnumake-4.4.1-info"
            }
          ],
          "store_path": "/nix/store/y0fzfgy59x3kwhh535cvrn9r7i5wd9xq-gnumake-4.4.1"
        },
        "x86_64-linux": {
          "outputs": [
            {
              "name": "out",
              "path": "/nix/store/frwvl0f18pk66clb8gqlby33wldx84aq-gnumake-4.4.1",
              "default": true
            },
            {
              "name": "man",
              "path": "/nix/store/k1m93yfl4p51nnciskn2pbxqm2sv0mxm-gnumake-4.4.1-man",
              "default": true
            },
            {
              "name": "debug",
              "path": "/nix/store/10jld6gf62ldl1da3126487g4gxs35v2-gnumake-4.4.1-debug"
            },
            {
              "name": "info",
              "path": "/nix/store/b51jfnxlardqir240px0wnfp64gzxfkl-gnumake-4.4.1-info"
            }
          ],
          "store_path": "/nix/store/frwvl0f18pk66clb8gqlby33wldx84aq-gnumake-4.4.1"
        }
      }
    },
    "kind@0.23.0": {
      "last_modified": "2024-08-14T11:41:26Z",
      "resolved": "github:NixOS/nixpkgs/0cb2fd7c59fed0cd82ef858cbcbdb552b9a33465#kind",
      "source": "devbox-search",
      "version": "0.23.0",
      "systems": {
        "aarch64-darwin": {
          "outputs": [
            {
              "name": "out",
              "path": "/nix/store/rl3mxy800109l52bvnyayhzkb2b7sagm-kind-0.23.0",
              "default": true
            }
          ],
          "store_path": "/nix/store/rl3mxy800109l52bvnyayhzkb2b7sagm-kind-0.23.0"
        },
        "aarch64-linux": {
          "outputs": [
            {
              "name": "out",
              "path": "/nix/store/0r4p2d590c17lczs03hviq94nhaqhana-kind-0.23.0",
              "default": true
            }
          ],
          "store_path": "/nix/store/0r4p2d590c17lczs03hviq94nhaqhana-kind-0.23.0"
        },
        "x86_64-darwin": {
          "outputs": [
            {
              "name": "out",
              "path": "/nix/store/krl3i2xmqvdldy76l8kvcyyz68azzp1b-kind-0.23.0",
              "default": true
            }
          ],
          "store_path": "/nix/store/krl3i2xmqvdldy76l8kvcyyz68azzp1b-kind-0.23.0"
        },
        "x86_64-linux": {
          "outputs": [
            {
              "name": "out",
              "path": "/nix/store/8215xk1j01md3qlzqxadpvmd27fndcw5-kind-0.23.0",
              "default": true
            }
          ],
          "store_path": "/nix/store/8215xk1j01md3qlzqxadpvmd27fndcw5-kind-0.23.0"
        }
      }
    },
    "kubectl@latest": {
      "last_modified": "2025-10-22T20:59:19Z",
      "resolved": "github:NixOS/nixpkgs/01b6809f7f9d1183a2b3e081f0a1e6f8f415cb09#kubectl",
      "source": "devbox-search",
      "version": "1.34.1",
      "systems": {
        "aarch64-darwin": {
          "outputs": [
            {
              "name": "out",
              "path": "/nix/store/pv5lknr9a985cdmxy0zqg0vk0562w1js-kubectl-1.34.1",
              "default": true
            },
            {
              "name": "man",
              "path": "/nix/store/5xfa19i31d4vhvbjihf6inqbp410fsp5-kubectl-1.34.1-man",
              "default": true
            },
            {
              "name": "convert",
              "path": "/nix/store/ciffxa4czjlmjzmq4yq21l8zkjvadxsq-kubectl-1.34.1-convert"
            }
          ],
          "store_path": "/nix/store/pv5lknr9a985cdmxy0zqg0vk0562w1js-kubectl-1.34.1"
        },
        "aarch64-linux": {
          "outputs": [
            {
              "name": "out",
              "path": "/nix/store/8xfnh8k465mm5q2cnh83hqk3h4p9i9n2-kubectl-1.34.1",
              "default": true
            },
            {
              "name": "man",
              "path": "/nix/store/0s8wk88y5rnvnbgsy77x3ak02fnsq01i-kubectl-1.34.1-man",
              "default": true
            },
            {
              "name": "convert",
              "path": "/nix/store/hhdzbn767znxinwswfqab0d0bg2jpwln-kubectl-1.34.1-convert"
            }
          ],
          "store_path": "/nix/store/8xfnh8k465mm5q2cnh83hqk3h4p9i9n2-kubectl-1.34.1"
        },
        "x86_64-darwin": {
          "outputs": [
            {
              "name": "out",
              "path": "/nix/store/80mql1xb9i7l5pb9cs5kmmgxhp351lv1-kubectl-1.34.1",
              "default": true
            },
            {
              "name": "man",
              "path": "/nix/store/qf79cl59w1kga58030s9a9nvk2b3m1qc-kubectl-1.34.1-man",
              "default": true
            },
            {
              "name": "convert",
              "path": "/nix/store/0msa3w7f7bazgfpa2icmz7fkvcdrn4d7-kubectl-1.34.1-convert"
            }
          ],
          "store_path": "/nix/store/80mql1xb9i7l5pb9cs5kmmgxhp351lv1-kubectl-1.34.1"
        },
        "x86_64-linux": {
          "outputs": [
            {
              "name": "out",
              "path": "/nix/store/hkdsjac8x7pvq0lmazmg7qs6y8k6kayh-kubectl-1.34.1",
              "default": true
            },
            {
              "name": "man",
              "path": "/nix/store/g5wlm6mrnf1pgjqapfb5r8zkh37rizgf-kubectl-1.34.1-man",
              "default": true
            },
            {
              "name": "convert",
              "path": "/nix/store/aq74byw89ckq4hiw85gl2cq4c8h99wqi-kubectl-1.34.1-convert"
            }
          ],
          "store_path": "/nix/store/hkdsjac8x7pvq0lmazmg7qs6y8k6kayh-kubectl-1.34.1"
        }
      }
    }
  }
}
